PODS:
  - MMDrawerController (0.6.0):
    - MMDrawerController/Core (= 0.6.0)
    - MMDrawerController/MMDrawerBarButtonItem (= 0.6.0)
    - MMDrawerController/MMDrawerVisualStates (= 0.6.0)
    - MMDrawerController/Subclass (= 0.6.0)
  - MMDrawerController/Core (0.6.0)
  - MMDrawerController/MMDrawerBarButtonItem (0.6.0):
    - MMDrawerController/Core
  - MMDrawerController/MMDrawerVisualStates (0.6.0):
    - MMDrawerController/Core
  - MMDrawerController/Subclass (0.6.0):
    - MMDrawerController/Core
  - PageMenu (1.2.9)

DEPENDENCIES:
  - MMDrawerController
  - PageMenu

SPEC CHECKSUMS:
  MMDrawerController: e3a54a5570388463ad3b36975251575b50c4e1a0
  PageMenu: ba19ff267f7a19e444e93c20a7847b78954a7011

PODFILE CHECKSUM: 64cb99e71a6a805e038a4320ab7561186248bd30

COCOAPODS: 1.0.1
